{
	"requires": true,
	"lockfileVersion": 1,
	"dependencies": {
		"i18n-iso-countries": {
			"version": "3.7.4",
			"resolved": "https://registry.npmjs.org/i18n-iso-countries/-/i18n-iso-countries-3.7.4.tgz",
			"integrity": "sha512-KGqVC5eehPWl5DuF+Juc72VyPFnr4EfntcFdetAOvP+ZtpTNlnU5wdlr0IIGJSm6t97IZnw7cs4Zg+zqFwPeDg=="
		}
	}
}
